
Microsoft Visual Studio Solution File, Format Version 12.00
# Visual Studio Version 17
VisualStudioVersion = 17.2.32616.157
MinimumVisualStudioVersion = 10.0.40219.1
Project("{FAE04EC0-301F-11D3-BF4B-00C04F79EFBC}") = "NumbersConverter", "NumbersConverter\NumbersConverter.csproj", "{9ED47775-D392-4BD7-95BA-2C247E319169}"
EndProject
Global
	GlobalSection(SolutionConfigurationPlatforms) = preSolution
		Debug|Any CPU = Debug|Any CPU
		Release|Any CPU = Release|Any CPU
	EndGlobalSection
	GlobalSection(ProjectConfigurationPlatforms) = postSolution
		{9ED47775-D392-4BD7-95BA-2C247E319169}.Debug|Any CPU.ActiveCfg = Debug|Any CPU
		{9ED47775-D392-4BD7-95BA-2C247E319169}.Debug|Any CPU.Build.0 = Debug|Any CPU
		{9ED47775-D392-4BD7-95BA-2C247E319169}.Release|Any CPU.ActiveCfg = Release|Any CPU
		{9ED47775-D392-4BD7-95BA-2C247E319169}.Release|Any CPU.Build.0 = Release|Any CPU
	EndGlobalSection
	GlobalSection(SolutionProperties) = preSolution
		HideSolutionNode = FALSE
	EndGlobalSection
	GlobalSection(ExtensibilityGlobals) = postSolution
		SolutionGuid = {DBB8DC1A-C105-406B-9B1E-982957E37E06}
	EndGlobalSection
EndGlobal
